{
  "lockfileVersion": 1,
  "configVersion": 0,
  "workspaces": {
    "": {
      "name": "agentic-flow-engine",
      "dependencies": {
        "@openai/codex-sdk": "latest",
        "yaml": "^2.8.2",
      },
      "devDependencies": {
        "@types/node": "^20.11.0",
        "bun-types": "^1.3.14",
        "typescript": "^5.3.3",
      },
    },
  },
  "packages": {
    "@openai/codex": ["@openai/codex@0.135.0", "", { "optionalDependencies": { "@openai/codex-darwin-arm64": "npm:@openai/codex@0.135.0-darwin-arm64", "@openai/codex-darwin-x64": "npm:@openai/codex@0.135.0-darwin-x64", "@openai/codex-linux-arm64": "npm:@openai/codex@0.135.0-linux-arm64", "@openai/codex-linux-x64": "npm:@openai/codex@0.135.0-linux-x64", "@openai/codex-win32-arm64": "npm:@openai/codex@0.135.0-win32-arm64", "@openai/codex-win32-x64": "npm:@openai/codex@0.135.0-win32-x64" }, "bin": { "codex": "bin/codex.js" } }, "sha512-ID75QEYmAT1WsUQmpxPlNsL5W1a+2eeD7fP6ywdwGseiXUG8D5i16L+dzbr8MT+2oTkaVqzOdvAqVOCeV/H/Bw=="],

    "@openai/codex-darwin-arm64": ["@openai/codex@0.135.0-darwin-arm64", "", { "os": "darwin", "cpu": "arm64" }, "sha512-wpNzssusKfrldVlq39+HyQh1wCyc9SQNpHdAFGKtPenrgRte4Ct8/oVsDtKWuFZsqLBFwbL4MrzrevnB63+9HA=="],

    "@openai/codex-darwin-x64": ["@openai/codex@0.135.0-darwin-x64", "", { "os": "darwin", "cpu": "x64" }, "sha512-ZrjAqce23lbv9KfkYOhElf1lTI+SysXmyGM0FV5u4+PBCKPkkEs4eaS3H8Uig0i4bUSu1QylrOOCskzYhZ6VyQ=="],

    "@openai/codex-linux-arm64": ["@openai/codex@0.135.0-linux-arm64", "", { "os": "linux", "cpu": "arm64" }, "sha512-dM+cv5ZL+BgIQzEIvMg9AxZ98n5lkKLgtp5zJLXWSrbCllbnUSqxYMUiWI5c1a1uBDUtkbY9fcGKXFLf+d+gyg=="],

    "@openai/codex-linux-x64": ["@openai/codex@0.135.0-linux-x64", "", { "os": "linux", "cpu": "x64" }, "sha512-5EosY67yU28UJSnl/obdN2F1CDaimYbzm9SLR8dwwzkeBBnY6dHgAKJ2GTu9Nc8CmgmtVFBGzgPqehsIcueVvA=="],

    "@openai/codex-sdk": ["@openai/codex-sdk@0.135.0", "", { "dependencies": { "@openai/codex": "0.135.0" } }, "sha512-4FziwR9RmYexAkAUqnWBQRUcFGWpBeBwDJpJKlabnuUXxaKQtBtKMTEYBA27ymn8W6mxxDMmwZC+inw7foFFaA=="],

    "@openai/codex-win32-arm64": ["@openai/codex@0.135.0-win32-arm64", "", { "os": "win32", "cpu": "arm64" }, "sha512-SAeR+CUv7KWwE6eTc2UFaFjo6FpHywYfDFKrK6FqLms1rq1NPju2SoX7rhM6UEew/lUx2mdZv/LDs11s/N/Qgg=="],

    "@openai/codex-win32-x64": ["@openai/codex@0.135.0-win32-x64", "", { "os": "win32", "cpu": "x64" }, "sha512-uYwUBMbOfmVlCESJZmZsOG+cYwNFYvkMbQ+FB6C1u9RYz0m3mZeYNN0j+l1hRSyUgPMFJHzNpgNx1Usal5QZFQ=="],

    "@types/node": ["@types/node@20.19.41", "", { "dependencies": { "undici-types": "~6.21.0" } }, "sha512-ECymXOukMnOoVkC2bb1Vc/w/836DXncOg5m8Xj1RH7xSHZJWNYY6Zh7EH477vcnD5egKNNfy2RpNOmuChhFPgQ=="],

    "bun-types": ["bun-types@1.3.14", "", { "dependencies": { "@types/node": "*" } }, "sha512-4N0ig0fEomHt5R0KCFWjovxow98rIoRwKolrYdCcknNwMekCXRnWEUvgu5soYV8QXtVsrUD8B95MBOZGPvr6KQ=="],

    "typescript": ["typescript@5.9.3", "", { "bin": { "tsc": "bin/tsc", "tsserver": "bin/tsserver" } }, "sha512-jl1vZzPDinLr9eUt3J/t7V6FgNEw9QjvBPdysz9KfQDD41fQrC2Y4vKQdiaUpFT4bXlb1RHhLpp8wtm6M5TgSw=="],

    "undici-types": ["undici-types@6.21.0", "", {}, "sha512-iwDZqg0QAGrg9Rav5H4n0M64c3mkR59cJ6wQp+7C4nI0gsmExaedaYLNO44eT4AtBBwjbTiGPMlt2Md0T9H9JQ=="],

    "yaml": ["yaml@2.9.0", "", { "bin": "bin.mjs" }, "sha512-2AvhNX3mb8zd6Zy7INTtSpl1F15HW6Wnqj0srWlkKLcpYl/gMIMJiyuGq2KeI2YFxUPjdlB+3Lc10seMLtL4cA=="],
  }
}
